
Microsoft Visual Studio Solution File, Format Version 12.00
# Visual Studio Version 16
VisualStudioVersion = 16.0.810.17
MinimumVisualStudioVersion = 10.0.40219.1
Project("{FAE04EC0-301F-11D3-BF4B-00C04F79EFBC}") = "dotNet.DemoShop", "dotNet.DemoShop\dotNet.DemoShop.csproj", "{5A9F6CBD-283F-45AB-80C1-BEDDEC283FE1}"
EndProject
Global
	GlobalSection(SolutionConfigurationPlatforms) = preSolution
		Debug|Any CPU = Debug|Any CPU
		Release|Any CPU = Release|Any CPU
	EndGlobalSection
	GlobalSection(ProjectConfigurationPlatforms) = postSolution
		{5A9F6CBD-283F-45AB-80C1-BEDDEC283FE1}.Debug|Any CPU.ActiveCfg = Debug|Any CPU
		{5A9F6CBD-283F-45AB-80C1-BEDDEC283FE1}.Debug|Any CPU.Build.0 = Debug|Any CPU
		{5A9F6CBD-283F-45AB-80C1-BEDDEC283FE1}.Release|Any CPU.ActiveCfg = Release|Any CPU
		{5A9F6CBD-283F-45AB-80C1-BEDDEC283FE1}.Release|Any CPU.Build.0 = Release|Any CPU
	EndGlobalSection
	GlobalSection(SolutionProperties) = preSolution
		HideSolutionNode = FALSE
	EndGlobalSection
	GlobalSection(ExtensibilityGlobals) = postSolution
		SolutionGuid = {E9F6BF94-F034-4D80-B76B-65FD56F4BE1C}
	EndGlobalSection
EndGlobal
